
Microsoft Visual Studio Solution File, Format Version 12.00
# Visual Studio Version 17
VisualStudioVersion = 17.3.32922.545
MinimumVisualStudioVersion = 10.0.40219.1
Project("{9A19103F-16F7-4668-BE54-9A1E7A4F7556}") = "Compare the Triplets", "Compare the Triplets\Compare the Triplets.csproj", "{2BE05D5F-435A-43E8-A895-370837B66FEA}"
EndProject
Project("{9A19103F-16F7-4668-BE54-9A1E7A4F7556}") = "Solve Me First", "Solve Me First\Solve Me First.csproj", "{7D4787FC-92F6-4A7F-A86D-7083A5BEB1DA}"
EndProject
Project("{9A19103F-16F7-4668-BE54-9A1E7A4F7556}") = "Simple Array Sum", "Simple Array Sum\Simple Array Sum.csproj", "{057760C6-1F6A-4C8E-B545-7DDE2AFF6761}"
EndProject
Project("{9A19103F-16F7-4668-BE54-9A1E7A4F7556}") = "A Very Big Sum", "A very Big Sum\A Very Big Sum.csproj", "{5A571CE8-7E8A-4B2A-BE18-86683BD6CC6C}"
EndProject
Project("{9A19103F-16F7-4668-BE54-9A1E7A4F7556}") = "Diagonal Difference", "Diagonal Difference\Diagonal Difference.csproj", "{F7104E97-4B24-46DB-9BC6-B19827E7925D}"
EndProject
Project("{9A19103F-16F7-4668-BE54-9A1E7A4F7556}") = "Plus Minus", "Plus Minus\Plus Minus.csproj", "{69CCB430-44E0-4AC0-9F23-00D1317870B6}"
EndProject
Project("{9A19103F-16F7-4668-BE54-9A1E7A4F7556}") = "StairCase", "StairCase\StairCase.csproj", "{7A641051-ABD6-4083-BD30-743D046FA377}"
EndProject
Project("{9A19103F-16F7-4668-BE54-9A1E7A4F7556}") = "Min-Max Sum", "Min-Max Sum\Min-Max Sum.csproj", "{801A971C-0F65-43A3-AAC4-0D338199EF58}"
EndProject
Project("{9A19103F-16F7-4668-BE54-9A1E7A4F7556}") = "Birthday Cake Candles", "Birthday Cake Candles\Birthday Cake Candles.csproj", "{46607C60-8C53-42A3-80A7-98D68A9ED8EF}"
EndProject
Project("{9A19103F-16F7-4668-BE54-9A1E7A4F7556}") = "Time Conversion", "Time Conversion\Time Conversion.csproj", "{E7BA70FB-D66B-4B5F-9AD1-6E850C809F0A}"
EndProject
Project("{FAE04EC0-301F-11D3-BF4B-00C04F79EFBC}") = "Grading Students", "Grading Students\Grading Students.csproj", "{EE6829F8-2BD0-4A4D-807D-7C7E95C073C2}"
EndProject
Global
	GlobalSection(SolutionConfigurationPlatforms) = preSolution
		Debug|Any CPU = Debug|Any CPU
		Release|Any CPU = Release|Any CPU
	EndGlobalSection
	GlobalSection(ProjectConfigurationPlatforms) = postSolution
		{2BE05D5F-435A-43E8-A895-370837B66FEA}.Debug|Any CPU.ActiveCfg = Debug|Any CPU
		{2BE05D5F-435A-43E8-A895-370837B66FEA}.Debug|Any CPU.Build.0 = Debug|Any CPU
		{2BE05D5F-435A-43E8-A895-370837B66FEA}.Release|Any CPU.ActiveCfg = Release|Any CPU
		{2BE05D5F-435A-43E8-A895-370837B66FEA}.Release|Any CPU.Build.0 = Release|Any CPU
		{7D4787FC-92F6-4A7F-A86D-7083A5BEB1DA}.Debug|Any CPU.ActiveCfg = Debug|Any CPU
		{7D4787FC-92F6-4A7F-A86D-7083A5BEB1DA}.Debug|Any CPU.Build.0 = Debug|Any CPU
		{7D4787FC-92F6-4A7F-A86D-7083A5BEB1DA}.Release|Any CPU.ActiveCfg = Release|Any CPU
		{7D4787FC-92F6-4A7F-A86D-7083A5BEB1DA}.Release|Any CPU.Build.0 = Release|Any CPU
		{057760C6-1F6A-4C8E-B545-7DDE2AFF6761}.Debug|Any CPU.ActiveCfg = Debug|Any CPU
		{057760C6-1F6A-4C8E-B545-7DDE2AFF6761}.Debug|Any CPU.Build.0 = Debug|Any CPU
		{057760C6-1F6A-4C8E-B545-7DDE2AFF6761}.Release|Any CPU.ActiveCfg = Release|Any CPU
		{057760C6-1F6A-4C8E-B545-7DDE2AFF6761}.Release|Any CPU.Build.0 = Release|Any CPU
		{5A571CE8-7E8A-4B2A-BE18-86683BD6CC6C}.Debug|Any CPU.ActiveCfg = Debug|Any CPU
		{5A571CE8-7E8A-4B2A-BE18-86683BD6CC6C}.Debug|Any CPU.Build.0 = Debug|Any CPU
		{5A571CE8-7E8A-4B2A-BE18-86683BD6CC6C}.Release|Any CPU.ActiveCfg = Release|Any CPU
		{5A571CE8-7E8A-4B2A-BE18-86683BD6CC6C}.Release|Any CPU.Build.0 = Release|Any CPU
		{F7104E97-4B24-46DB-9BC6-B19827E7925D}.Debug|Any CPU.ActiveCfg = Debug|Any CPU
		{F7104E97-4B24-46DB-9BC6-B19827E7925D}.Debug|Any CPU.Build.0 = Debug|Any CPU
		{F7104E97-4B24-46DB-9BC6-B19827E7925D}.Release|Any CPU.ActiveCfg = Release|Any CPU
		{F7104E97-4B24-46DB-9BC6-B19827E7925D}.Release|Any CPU.Build.0 = Release|Any CPU
		{69CCB430-44E0-4AC0-9F23-00D1317870B6}.Debug|Any CPU.ActiveCfg = Debug|Any CPU
		{69CCB430-44E0-4AC0-9F23-00D1317870B6}.Debug|Any CPU.Build.0 = Debug|Any CPU
		{69CCB430-44E0-4AC0-9F23-00D1317870B6}.Release|Any CPU.ActiveCfg = Release|Any CPU
		{69CCB430-44E0-4AC0-9F23-00D1317870B6}.Release|Any CPU.Build.0 = Release|Any CPU
		{7A641051-ABD6-4083-BD30-743D046FA377}.Debug|Any CPU.ActiveCfg = Debug|Any CPU
		{7A641051-ABD6-4083-BD30-743D046FA377}.Debug|Any CPU.Build.0 = Debug|Any CPU
		{7A641051-ABD6-4083-BD30-743D046FA377}.Release|Any CPU.ActiveCfg = Release|Any CPU
		{7A641051-ABD6-4083-BD30-743D046FA377}.Release|Any CPU.Build.0 = Release|Any CPU
		{801A971C-0F65-43A3-AAC4-0D338199EF58}.Debug|Any CPU.ActiveCfg = Debug|Any CPU
		{801A971C-0F65-43A3-AAC4-0D338199EF58}.Debug|Any CPU.Build.0 = Debug|Any CPU
		{801A971C-0F65-43A3-AAC4-0D338199EF58}.Release|Any CPU.ActiveCfg = Release|Any CPU
		{801A971C-0F65-43A3-AAC4-0D338199EF58}.Release|Any CPU.Build.0 = Release|Any CPU
		{46607C60-8C53-42A3-80A7-98D68A9ED8EF}.Debug|Any CPU.ActiveCfg = Debug|Any CPU
		{46607C60-8C53-42A3-80A7-98D68A9ED8EF}.Debug|Any CPU.Build.0 = Debug|Any CPU
		{46607C60-8C53-42A3-80A7-98D68A9ED8EF}.Release|Any CPU.ActiveCfg = Release|Any CPU
		{46607C60-8C53-42A3-80A7-98D68A9ED8EF}.Release|Any CPU.Build.0 = Release|Any CPU
		{E7BA70FB-D66B-4B5F-9AD1-6E850C809F0A}.Debug|Any CPU.ActiveCfg = Debug|Any CPU
		{E7BA70FB-D66B-4B5F-9AD1-6E850C809F0A}.Debug|Any CPU.Build.0 = Debug|Any CPU
		{E7BA70FB-D66B-4B5F-9AD1-6E850C809F0A}.Release|Any CPU.ActiveCfg = Release|Any CPU
		{E7BA70FB-D66B-4B5F-9AD1-6E850C809F0A}.Release|Any CPU.Build.0 = Release|Any CPU
		{EE6829F8-2BD0-4A4D-807D-7C7E95C073C2}.Debug|Any CPU.ActiveCfg = Debug|Any CPU
		{EE6829F8-2BD0-4A4D-807D-7C7E95C073C2}.Debug|Any CPU.Build.0 = Debug|Any CPU
		{EE6829F8-2BD0-4A4D-807D-7C7E95C073C2}.Release|Any CPU.ActiveCfg = Release|Any CPU
		{EE6829F8-2BD0-4A4D-807D-7C7E95C073C2}.Release|Any CPU.Build.0 = Release|Any CPU
	EndGlobalSection
	GlobalSection(SolutionProperties) = preSolution
		HideSolutionNode = FALSE
	EndGlobalSection
	GlobalSection(ExtensibilityGlobals) = postSolution
		SolutionGuid = {71394C90-3E06-49A6-949E-A56D9481420F}
	EndGlobalSection
EndGlobal
